// !$*UTF8*$!
{
	archiveVersion = 1;
	classes = {
	};
	objectVersion = 56;
	objects = {

/* Begin PBXBuildFile section */
		7E23F51B29E4522B00859569 /* AppDelegate.swift in Sources */ = {isa = PBXBuildFile; fileRef = 7E23F51A29E4522B00859569 /* AppDelegate.swift */; };
		7E23F51D29E4522B00859569 /* SceneDelegate.swift in Sources */ = {isa = PBXBuildFile; fileRef = 7E23F51C29E4522B00859569 /* SceneDelegate.swift */; };
		7E23F51F29E4522B00859569 /* ViewController.swift in Sources */ = {isa = PBXBuildFile; fileRef = 7E23F51E29E4522B00859569 /* ViewController.swift */; };
		7E23F52229E4522B00859569 /* Main.storyboard in Resources */ = {isa = PBXBuildFile; fileRef = 7E23F52029E4522B00859569 /* Main.storyboard */; };
		7E23F52429E4522D00859569 /* Assets.xcassets in Resources */ = {isa = PBXBuildFile; fileRef = 7E23F52329E4522D00859569 /* Assets.xcassets */; };
		7E23F52729E4522D00859569 /* LaunchScreen.storyboard in Resources */ = {isa = PBXBuildFile; fileRef = 7E23F52529E4522D00859569 /* LaunchScreen.storyboard */; };
		7E23F53229E4522D00859569 /* Score_KeeperTests.swift in Sources */ = {isa = PBXBuildFile; fileRef = 7E23F53129E4522D00859569 /* Score_KeeperTests.swift */; };
		7E23F53C29E4522D00859569 /* Score_KeeperUITests.swift in Sources */ = {isa = PBXBuildFile; fileRef = 7E23F53B29E4522D00859569 /* Score_KeeperUITests.swift */; };
		7E23F53E29E4522D00859569 /* Score_KeeperUITestsLaunchTests.swift in Sources */ = {isa = PBXBuildFile; fileRef = 7E23F53D29E4522D00859569 /* Score_KeeperUITestsLaunchTests.swift */; };
		7E23F54B29E458C900859569 /* PlayerTableViewCell.swift in Sources */ = {isa = PBXBuildFile; fileRef = 7E23F54A29E458C900859569 /* PlayerTableViewCell.swift */; };
		7E23F54F29E459FE00859569 /* NewPlayerViewController.swift in Sources */ = {isa = PBXBuildFile; fileRef = 7E23F54E29E459FE00859569 /* NewPlayerViewController.swift */; };
		7E23F55129E45A2600859569 /* ListOfPlayers.swift in Sources */ = {isa = PBXBuildFile; fileRef = 7E23F55029E45A2600859569 /* ListOfPlayers.swift */; };
		7E23F55329E45C8600859569 /* PlayersTableViewController.swift in Sources */ = {isa = PBXBuildFile; fileRef = 7E23F55229E45C8600859569 /* PlayersTableViewController.swift */; };
/* End PBXBuildFile section */

/* Begin PBXContainerItemProxy section */
		7E23F52E29E4522D00859569 /* PBXContainerItemProxy */ = {
			isa = PBXContainerItemProxy;
			containerPortal = 7E23F50F29E4522B00859569 /* Project object */;
			proxyType = 1;
			remoteGlobalIDString = 7E23F51629E4522B00859569;
			remoteInfo = "Score Keeper";
		};
		7E23F53829E4522D00859569 /* PBXContainerItemProxy */ = {
			isa = PBXContainerItemProxy;
			containerPortal = 7E23F50F29E4522B00859569 /* Project object */;
			proxyType = 1;
			remoteGlobalIDString = 7E23F51629E4522B00859569;
			remoteInfo = "Score Keeper";
		};
/* End PBXContainerItemProxy section */

/* Begin PBXFileReference section */
		7E23F51729E4522B00859569 /* Score Keeper.app */ = {isa = PBXFileReference; explicitFileType = wrapper.application; includeInIndex = 0; path = "Score Keeper.app"; sourceTree = BUILT_PRODUCTS_DIR; };
		7E23F51A29E4522B00859569 /* AppDelegate.swift */ = {isa = PBXFileReference; lastKnownFileType = sourcecode.swift; path = AppDelegate.swift; sourceTree = "<group>"; };
		7E23F51C29E4522B00859569 /* SceneDelegate.swift */ = {isa = PBXFileReference; lastKnownFileType = sourcecode.swift; path = SceneDelegate.swift; sourceTree = "<group>"; };
		7E23F51E29E4522B00859569 /* ViewController.swift */ = {isa = PBXFileReference; lastKnownFileType = sourcecode.swift; path = ViewController.swift; sourceTree = "<group>"; };
		7E23F52129E4522B00859569 /* Base */ = {isa = PBXFileReference; lastKnownFileType = file.storyboard; name = Base; path = Base.lproj/Main.storyboard; sourceTree = "<group>"; };
		7E23F52329E4522D00859569 /* Assets.xcassets */ = {isa = PBXFileReference; lastKnownFileType = folder.assetcatalog; path = Assets.xcassets; sourceTree = "<group>"; };
		7E23F52629E4522D00859569 /* Base */ = {isa = PBXFileReference; lastKnownFileType = file.storyboard; name = Base; path = Base.lproj/LaunchScreen.storyboard; sourceTree = "<group>"; };
		7E23F52829E4522D00859569 /* Info.plist */ = {isa = PBXFileReference; lastKnownFileType = text.plist.xml; path = Info.plist; sourceTree = "<group>"; };
		7E23F52D29E4522D00859569 /* Score KeeperTests.xctest */ = {isa = PBXFileReference; explicitFileType = wrapper.cfbundle; includeInIndex = 0; path = "Score KeeperTests.xctest"; sourceTree = BUILT_PRODUCTS_DIR; };
		7E23F53129E4522D00859569 /* Score_KeeperTests.swift */ = {isa = PBXFileReference; lastKnownFileType = sourcecode.swift; path = Score_KeeperTests.swift; sourceTree = "<group>"; };
		7E23F53729E4522D00859569 /* Score KeeperUITests.xctest */ = {isa = PBXFileReference; explicitFileType = wrapper.cfbundle; includeInIndex = 0; path = "Score KeeperUITests.xctest"; sourceTree = BUILT_PRODUCTS_DIR; };
		7E23F53B29E4522D00859569 /* Score_KeeperUITests.swift */ = {isa = PBXFileReference; lastKnownFileType = sourcecode.swift; path = Score_KeeperUITests.swift; sourceTree = "<group>"; };
		7E23F53D29E4522D00859569 /* Score_KeeperUITestsLaunchTests.swift */ = {isa = PBXFileReference; lastKnownFileType = sourcecode.swift; path = Score_KeeperUITestsLaunchTests.swift; sourceTree = "<group>"; };
		7E23F54A29E458C900859569 /* PlayerTableViewCell.swift */ = {isa = PBXFileReference; lastKnownFileType = sourcecode.swift; path = PlayerTableViewCell.swift; sourceTree = "<group>"; };
		7E23F54E29E459FE00859569 /* NewPlayerViewController.swift */ = {isa = PBXFileReference; lastKnownFileType = sourcecode.swift; path = NewPlayerViewController.swift; sourceTree = "<group>"; };
		7E23F55029E45A2600859569 /* ListOfPlayers.swift */ = {isa = PBXFileReference; lastKnownFileType = sourcecode.swift; path = ListOfPlayers.swift; sourceTree = "<group>"; };
		7E23F55229E45C8600859569 /* PlayersTableViewController.swift */ = {isa = PBXFileReference; lastKnownFileType = sourcecode.swift; path = PlayersTableViewController.swift; sourceTree = "<group>"; };
/* End PBXFileReference section */

/* Begin PBXFrameworksBuildPhase section */
		7E23F51429E4522B00859569 /* Frameworks */ = {
			isa = PBXFrameworksBuildPhase;
			buildActionMask = 2147483647;
			files = (
			);
			runOnlyForDeploymentPostprocessing = 0;
		};
		7E23F52A29E4522D00859569 /* Frameworks */ = {
			isa = PBXFrameworksBuildPhase;
			buildActionMask = 2147483647;
			files = (
			);
			runOnlyForDeploymentPostprocessing = 0;
		};
		7E23F53429E4522D00859569 /* Frameworks */ = {
			isa = PBXFrameworksBuildPhase;
			buildActionMask = 2147483647;
			files = (
			);
			runOnlyForDeploymentPostprocessing = 0;
		};
/* End PBXFrameworksBuildPhase section */

/* Begin PBXGroup section */
		7E23F50E29E4522B00859569 = {
			isa = PBXGroup;
			children = (
				7E23F51929E4522B00859569 /* Score Keeper */,
				7E23F53029E4522D00859569 /* Score KeeperTests */,
				7E23F53A29E4522D00859569 /* Score KeeperUITests */,
				7E23F51829E4522B00859569 /* Products */,
			);
			sourceTree = "<group>";
		};
		7E23F51829E4522B00859569 /* Products */ = {
			isa = PBXGroup;
			children = (
				7E23F51729E4522B00859569 /* Score Keeper.app */,
				7E23F52D29E4522D00859569 /* Score KeeperTests.xctest */,
				7E23F53729E4522D00859569 /* Score KeeperUITests.xctest */,
			);
			name = Products;
			sourceTree = "<group>";
		};
		7E23F51929E4522B00859569 /* Score Keeper */ = {
			isa = PBXGroup;
			children = (
				7E23F51A29E4522B00859569 /* AppDelegate.swift */,
				7E23F51C29E4522B00859569 /* SceneDelegate.swift */,
				7E23F51E29E4522B00859569 /* ViewController.swift */,
				7E23F52029E4522B00859569 /* Main.storyboard */,
				7E23F55229E45C8600859569 /* PlayersTableViewController.swift */,
				7E23F55029E45A2600859569 /* ListOfPlayers.swift */,
				7E23F54E29E459FE00859569 /* NewPlayerViewController.swift */,
				7E23F54A29E458C900859569 /* PlayerTableViewCell.swift */,
				7E23F52329E4522D00859569 /* Assets.xcassets */,
				7E23F52529E4522D00859569 /* LaunchScreen.storyboard */,
				7E23F52829E4522D00859569 /* Info.plist */,
			);
			path = "Score Keeper";
			sourceTree = "<group>";
		};
		7E23F53029E4522D00859569 /* Score KeeperTests */ = {
			isa = PBXGroup;
			children = (
				7E23F53129E4522D00859569 /* Score_KeeperTests.swift */,
			);
			path = "Score KeeperTests";
			sourceTree = "<group>";
		};
		7E23F53A29E4522D00859569 /* Score KeeperUITests */ = {
			isa = PBXGroup;
			children = (
				7E23F53B29E4522D00859569 /* Score_KeeperUITests.swift */,
				7E23F53D29E4522D00859569 /* Score_KeeperUITestsLaunchTests.swift */,
			);
			path = "Score KeeperUITests";
			sourceTree = "<group>";
		};
/* End PBXGroup section */

/* Begin PBXNativeTarget section */
		7E23F51629E4522B00859569 /* Score Keeper */ = {
			isa = PBXNativeTarget;
			buildConfigurationList = 7E23F54129E4522D00859569 /* Build configuration list for PBXNativeTarget "Score Keeper" */;
			buildPhases = (
				7E23F51329E4522B00859569 /* Sources */,
				7E23F51429E4522B00859569 /* Frameworks */,
				7E23F51529E4522B00859569 /* Resources */,
			);
			buildRules = (
			);
			dependencies = (
			);
			name = "Score Keeper";
			productName = "Score Keeper";
			productReference = 7E23F51729E4522B00859569 /* Score Keeper.app */;
			productType = "com.apple.product-type.application";
		};
		7E23F52C29E4522D00859569 /* Score KeeperTests */ = {
			isa = PBXNativeTarget;
			buildConfigurationList = 7E23F54429E4522D00859569 /* Build configuration list for PBXNativeTarget "Score KeeperTests" */;
			buildPhases = (
				7E23F52929E4522D00859569 /* Sources */,
				7E23F52A29E4522D00859569 /* Frameworks */,
				7E23F52B29E4522D00859569 /* Resources */,
			);
			buildRules = (
			);
			dependencies = (
				7E23F52F29E4522D00859569 /* PBXTargetDependency */,
			);
			name = "Score KeeperTests";
			productName = "Score KeeperTests";
			productReference = 7E23F52D29E4522D00859569 /* Score KeeperTests.xctest */;
			productType = "com.apple.product-type.bundle.unit-test";
		};
		7E23F53629E4522D00859569 /* Score KeeperUITests */ = {
			isa = PBXNativeTarget;
			buildConfigurationList = 7E23F54729E4522D00859569 /* Build configuration list for PBXNativeTarget "Score KeeperUITests" */;
			buildPhases = (
				7E23F53329E4522D00859569 /* Sources */,
				7E23F53429E4522D00859569 /* Frameworks */,
				7E23F53529E4522D00859569 /* Resources */,
			);
			buildRules = (
			);
			dependencies = (
				7E23F53929E4522D00859569 /* PBXTargetDependency */,
			);
			name = "Score KeeperUITests";
			productName = "Score KeeperUITests";
			productReference = 7E23F53729E4522D00859569 /* Score KeeperUITests.xctest */;
			productType = "com.apple.product-type.bundle.ui-testing";
		};
/* End PBXNativeTarget section */

/* Begin PBXProject section */
		7E23F50F29E4522B00859569 /* Project object */ = {
			isa = PBXProject;
			attributes = {
				BuildIndependentTargetsInParallel = 1;
				LastSwiftUpdateCheck = 1430;
				LastUpgradeCheck = 1430;
				TargetAttributes = {
					7E23F51629E4522B00859569 = {
						CreatedOnToolsVersion = 14.3;
					};
					7E23F52C29E4522D00859569 = {
						CreatedOnToolsVersion = 14.3;
						TestTargetID = 7E23F51629E4522B00859569;
					};
					7E23F53629E4522D00859569 = {
						CreatedOnToolsVersion = 14.3;
						TestTargetID = 7E23F51629E4522B00859569;
					};
				};
			};
			buildConfigurationList = 7E23F51229E4522B00859569 /* Build configuration list for PBXProject "Score Keeper" */;
			compatibilityVersion = "Xcode 14.0";
			developmentRegion = en;
			hasScannedForEncodings = 0;
			knownRegions = (
				en,
				Base,
			);
			mainGroup = 7E23F50E29E4522B00859569;
			productRefGroup = 7E23F51829E4522B00859569 /* Products */;
			projectDirPath = "";
			projectRoot = "";
			targets = (
				7E23F51629E4522B00859569 /* Score Keeper */,
				7E23F52C29E4522D00859569 /* Score KeeperTests */,
				7E23F53629E4522D00859569 /* Score KeeperUITests */,
			);
		};
/* End PBXProject section */

/* Begin PBXResourcesBuildPhase section */
		7E23F51529E4522B00859569 /* Resources */ = {
			isa = PBXResourcesBuildPhase;
			buildActionMask = 2147483647;
			files = (
				7E23F52729E4522D00859569 /* LaunchScreen.storyboard in Resources */,
				7E23F52429E4522D00859569 /* Assets.xcassets in Resources */,
				7E23F52229E4522B00859569 /* Main.storyboard in Resources */,
			);
			runOnlyForDeploymentPostprocessing = 0;
		};
		7E23F52B29E4522D00859569 /* Resources */ = {
			isa = PBXResourcesBuildPhase;
			buildActionMask = 2147483647;
			files = (
			);
			runOnlyForDeploymentPostprocessing = 0;
		};
		7E23F53529E4522D00859569 /* Resources */ = {
			isa = PBXResourcesBuildPhase;
			buildActionMask = 2147483647;
			files = (
			);
			runOnlyForDeploymentPostprocessing = 0;
		};
/* End PBXResourcesBuildPhase section */

/* Begin PBXSourcesBuildPhase section */
		7E23F51329E4522B00859569 /* Sources */ = {
			isa = PBXSourcesBuildPhase;
			buildActionMask = 2147483647;
			files = (
				7E23F54B29E458C900859569 /* PlayerTableViewCell.swift in Sources */,
				7E23F55329E45C8600859569 /* PlayersTableViewController.swift in Sources */,
				7E23F51F29E4522B00859569 /* ViewController.swift in Sources */,
				7E23F54F29E459FE00859569 /* NewPlayerViewController.swift in Sources */,
				7E23F55129E45A2600859569 /* ListOfPlayers.swift in Sources */,
				7E23F51B29E4522B00859569 /* AppDelegate.swift in Sources */,
				7E23F51D29E4522B00859569 /* SceneDelegate.swift in Sources */,
			);
			runOnlyForDeploymentPostprocessing = 0;
		};
		7E23F52929E4522D00859569 /* Sources */ = {
			isa = PBXSourcesBuildPhase;
			buildActionMask = 2147483647;
			files = (
				7E23F53229E4522D00859569 /* Score_KeeperTests.swift in Sources */,
			);
			runOnlyForDeploymentPostprocessing = 0;
		};
		7E23F53329E4522D00859569 /* Sources */ = {
			isa = PBXSourcesBuildPhase;
			buildActionMask = 2147483647;
			files = (
				7E23F53C29E4522D00859569 /* Score_KeeperUITests.swift in Sources */,
				7E23F53E29E4522D00859569 /* Score_KeeperUITestsLaunchTests.swift in Sources */,
			);
			runOnlyForDeploymentPostprocessing = 0;
		};
/* End PBXSourcesBuildPhase section */

/* Begin PBXTargetDependency section */
		7E23F52F29E4522D00859569 /* PBXTargetDependency */ = {
			isa = PBXTargetDependency;
			target = 7E23F51629E4522B00859569 /* Score Keeper */;
			targetProxy = 7E23F52E29E4522D00859569 /* PBXContainerItemProxy */;
		};
		7E23F53929E4522D00859569 /* PBXTargetDependency */ = {
			isa = PBXTargetDependency;
			target = 7E23F51629E4522B00859569 /* Score Keeper */;
			targetProxy = 7E23F53829E4522D00859569 /* PBXContainerItemProxy */;
		};
/* End PBXTargetDependency section */

/* Begin PBXVariantGroup section */
		7E23F52029E4522B00859569 /* Main.storyboard */ = {
			isa = PBXVariantGroup;
			children = (
				7E23F52129E4522B00859569 /* Base */,
			);
			name = Main.storyboard;
			sourceTree = "<group>";
		};
		7E23F52529E4522D00859569 /* LaunchScreen.storyboard */ = {
			isa = PBXVariantGroup;
			children = (
				7E23F52629E4522D00859569 /* Base */,
			);
			name = LaunchScreen.storyboard;
			sourceTree = "<group>";
		};
/* End PBXVariantGroup section */

/* Begin XCBuildConfiguration section */
		7E23F53F29E4522D00859569 /* Debug */ = {
			isa = XCBuildConfiguration;
			buildSettings = {
				ALWAYS_SEARCH_USER_PATHS = NO;
				CLANG_ANALYZER_NONNULL = YES;
				CLANG_ANALYZER_NUMBER_OBJECT_CONVERSION = YES_AGGRESSIVE;
				CLANG_CXX_LANGUAGE_STANDARD = "gnu++20";
				CLANG_ENABLE_MODULES = YES;
				CLANG_ENABLE_OBJC_ARC = YES;
				CLANG_ENABLE_OBJC_WEAK = YES;
				CLANG_WARN_BLOCK_CAPTURE_AUTORELEASING = YES;
				CLANG_WARN_BOOL_CONVERSION = YES;
				CLANG_WARN_COMMA = YES;
				CLANG_WARN_CONSTANT_CONVERSION = YES;
				CLANG_WARN_DEPRECATED_OBJC_IMPLEMENTATIONS = YES;
				CLANG_WARN_DIRECT_OBJC_ISA_USAGE = YES_ERROR;
				CLANG_WARN_DOCUMENTATION_COMMENTS = YES;
				CLANG_WARN_EMPTY_BODY = YES;
				CLANG_WARN_ENUM_CONVERSION = YES;
				CLANG_WARN_INFINITE_RECURSION = YES;
				CLANG_WARN_INT_CONVERSION = YES;
				CLANG_WARN_NON_LITERAL_NULL_CONVERSION = YES;
				CLANG_WARN_OBJC_IMPLICIT_RETAIN_SELF = YES;
				CLANG_WARN_OBJC_LITERAL_CONVERSION = YES;
				CLANG_WARN_OBJC_ROOT_CLASS = YES_ERROR;
				CLANG_WARN_QUOTED_INCLUDE_IN_FRAMEWORK_HEADER = YES;
				CLANG_WARN_RANGE_LOOP_ANALYSIS = YES;
				CLANG_WARN_STRICT_PROTOTYPES = YES;
				CLANG_WARN_SUSPICIOUS_MOVE = YES;
				CLANG_WARN_UNGUARDED_AVAILABILITY = YES_AGGRESSIVE;
				CLANG_WARN_UNREACHABLE_CODE = YES;
				CLANG_WARN__DUPLICATE_METHOD_MATCH = YES;
				COPY_PHASE_STRIP = NO;
				DEBUG_INFORMATION_FORMAT = dwarf;
				ENABLE_STRICT_OBJC_MSGSEND = YES;
				ENABLE_TESTABILITY = YES;
				GCC_C_LANGUAGE_STANDARD = gnu11;
				GCC_DYNAMIC_NO_PIC = NO;
				GCC_NO_COMMON_BLOCKS = YES;
				GCC_OPTIMIZATION_LEVEL = 0;
				GCC_PREPROCESSOR_DEFINITIONS = (
					"DEBUG=1",
					"$(inherited)",
				);
				GCC_WARN_64_TO_32_BIT_CONVERSION = YES;
				GCC_WARN_ABOUT_RETURN_TYPE = YES_ERROR;
				GCC_WARN_UNDECLARED_SELECTOR = YES;
				GCC_WARN_UNINITIALIZED_AUTOS = YES_AGGRESSIVE;
				GCC_WARN_UNUSED_FUNCTION = YES;
				GCC_WARN_UNUSED_VARIABLE = YES;
				IPHONEOS_DEPLOYMENT_TARGET = 16.4;
				MTL_ENABLE_DEBUG_INFO = INCLUDE_SOURCE;
				MTL_FAST_MATH = YES;
				ONLY_ACTIVE_ARCH = YES;
				SDKROOT = iphoneos;
				SWIFT_ACTIVE_COMPILATION_CONDITIONS = DEBUG;
				SWIFT_OPTIMIZATION_LEVEL = "-Onone";
			};
			name = Debug;
		};
		7E23F54029E4522D00859569 /* Release */ = {
			isa = XCBuildConfiguration;
			buildSettings = {
				ALWAYS_SEARCH_USER_PATHS = NO;
				CLANG_ANALYZER_NONNULL = YES;
				CLANG_ANALYZER_NUMBER_OBJECT_CONVERSION = YES_AGGRESSIVE;
				CLANG_CXX_LANGUAGE_STANDARD = "gnu++20";
				CLANG_ENABLE_MODULES = YES;
				CLANG_ENABLE_OBJC_ARC = YES;
				CLANG_ENABLE_OBJC_WEAK = YES;
				CLANG_WARN_BLOCK_CAPTURE_AUTORELEASING = YES;
				CLANG_WARN_BOOL_CONVERSION = YES;
				CLANG_WARN_COMMA = YES;
				CLANG_WARN_CONSTANT_CONVERSION = YES;
				CLANG_WARN_DEPRECATED_OBJC_IMPLEMENTATIONS = YES;
				CLANG_WARN_DIRECT_OBJC_ISA_USAGE = YES_ERROR;
				CLANG_WARN_DOCUMENTATION_COMMENTS = YES;
				CLANG_WARN_EMPTY_BODY = YES;
				CLANG_WARN_ENUM_CONVERSION = YES;
				CLANG_WARN_INFINITE_RECURSION = YES;
				CLANG_WARN_INT_CONVERSION = YES;
				CLANG_WARN_NON_LITERAL_NULL_CONVERSION = YES;
				CLANG_WARN_OBJC_IMPLICIT_RETAIN_SELF = YES;
				CLANG_WARN_OBJC_LITERAL_CONVERSION = YES;
				CLANG_WARN_OBJC_ROOT_CLASS = YES_ERROR;
				CLANG_WARN_QUOTED_INCLUDE_IN_FRAMEWORK_HEADER = YES;
				CLANG_WARN_RANGE_LOOP_ANALYSIS = YES;
				CLANG_WARN_STRICT_PROTOTYPES = YES;
				CLANG_WARN_SUSPICIOUS_MOVE = YES;
				CLANG_WARN_UNGUARDED_AVAILABILITY = YES_AGGRESSIVE;
				CLANG_WARN_UNREACHABLE_CODE = YES;
				CLANG_WARN__DUPLICATE_METHOD_MATCH = YES;
				COPY_PHASE_STRIP = NO;
				DEBUG_INFORMATION_FORMAT = "dwarf-with-dsym";
				ENABLE_NS_ASSERTIONS = NO;
				ENABLE_STRICT_OBJC_MSGSEND = YES;
				GCC_C_LANGUAGE_STANDARD = gnu11;
				GCC_NO_COMMON_BLOCKS = YES;
				GCC_WARN_64_TO_32_BIT_CONVERSION = YES;
				GCC_WARN_ABOUT_RETURN_TYPE = YES_ERROR;
				GCC_WARN_UNDECLARED_SELECTOR = YES;
				GCC_WARN_UNINITIALIZED_AUTOS = YES_AGGRESSIVE;
				GCC_WARN_UNUSED_FUNCTION = YES;
				GCC_WARN_UNUSED_VARIABLE = YES;
				IPHONEOS_DEPLOYMENT_TARGET = 16.4;
				MTL_ENABLE_DEBUG_INFO = NO;
				MTL_FAST_MATH = YES;
				SDKROOT = iphoneos;
				SWIFT_COMPILATION_MODE = wholemodule;
				SWIFT_OPTIMIZATION_LEVEL = "-O";
				VALIDATE_PRODUCT = YES;
			};
			name = Release;
		};
		7E23F54229E4522D00859569 /* Debug */ = {
			isa = XCBuildConfiguration;
			buildSettings = {
				ASSETCATALOG_COMPILER_APPICON_NAME = AppIcon;
				ASSETCATALOG_COMPILER_GLOBAL_ACCENT_COLOR_NAME = AccentColor;
				CODE_SIGN_STYLE = Automatic;
				CURRENT_PROJECT_VERSION = 1;
				DEVELOPMENT_TEAM = P37BL29UZP;
				GENERATE_INFOPLIST_FILE = YES;
				INFOPLIST_FILE = "Score Keeper/Info.plist";
				INFOPLIST_KEY_UIApplicationSupportsIndirectInputEvents = YES;
				INFOPLIST_KEY_UILaunchStoryboardName = LaunchScreen;
				INFOPLIST_KEY_UIMainStoryboardFile = Main;
				INFOPLIST_KEY_UISupportedInterfaceOrientations_iPad = "UIInterfaceOrientationPortrait UIInterfaceOrientationPortraitUpsideDown UIInterfaceOrientationLandscapeLeft UIInterfaceOrientationLandscapeRight";
				INFOPLIST_KEY_UISupportedInterfaceOrientations_iPhone = "UIInterfaceOrientationPortrait UIInterfaceOrientationLandscapeLeft UIInterfaceOrientationLandscapeRight";
				LD_RUNPATH_SEARCH_PATHS = (
					"$(inherited)",
					"@executable_path/Frameworks",
				);
				MARKETING_VERSION = 1.0;
				PRODUCT_BUNDLE_IDENTIFIER = "m0resleepstudios.Score-Keeper";
				PRODUCT_NAME = "$(TARGET_NAME)";
				SWIFT_EMIT_LOC_STRINGS = YES;
				SWIFT_VERSION = 5.0;
				TARGETED_DEVICE_FAMILY = "1,2";
			};
			name = Debug;
		};
		7E23F54329E4522D00859569 /* Release */ = {
			isa = XCBuildConfiguration;
			buildSettings = {
				ASSETCATALOG_COMPILER_APPICON_NAME = AppIcon;
				ASSETCATALOG_COMPILER_GLOBAL_ACCENT_COLOR_NAME = AccentColor;
				CODE_SIGN_STYLE = Automatic;
				CURRENT_PROJECT_VERSION = 1;
				DEVELOPMENT_TEAM = P37BL29UZP;
				GENERATE_INFOPLIST_FILE = YES;
				INFOPLIST_FILE = "Score Keeper/Info.plist";
				INFOPLIST_KEY_UIApplicationSupportsIndirectInputEvents = YES;
				INFOPLIST_KEY_UILaunchStoryboardName = LaunchScreen;
				INFOPLIST_KEY_UIMainStoryboardFile = Main;
				INFOPLIST_KEY_UISupportedInterfaceOrientations_iPad = "UIInterfaceOrientationPortrait UIInterfaceOrientationPortraitUpsideDown UIInterfaceOrientationLandscapeLeft UIInterfaceOrientationLandscapeRight";
				INFOPLIST_KEY_UISupportedInterfaceOrientations_iPhone = "UIInterfaceOrientationPortrait UIInterfaceOrientationLandscapeLeft UIInterfaceOrientationLandscapeRight";
				LD_RUNPATH_SEARCH_PATHS = (
					"$(inherited)",
					"@executable_path/Frameworks",
				);
				MARKETING_VERSION = 1.0;
				PRODUCT_BUNDLE_IDENTIFIER = "m0resleepstudios.Score-Keeper";
				PRODUCT_NAME = "$(TARGET_NAME)";
				SWIFT_EMIT_LOC_STRINGS = YES;
				SWIFT_VERSION = 5.0;
				TARGETED_DEVICE_FAMILY = "1,2";
			};
			name = Release;
		};
		7E23F54529E4522D00859569 /* Debug */ = {
			isa = XCBuildConfiguration;
			buildSettings = {
				ALWAYS_EMBED_SWIFT_STANDARD_LIBRARIES = YES;
				BUNDLE_LOADER = "$(TEST_HOST)";
				CODE_SIGN_STYLE = Automatic;
				CURRENT_PROJECT_VERSION = 1;
				DEVELOPMENT_TEAM = P37BL29UZP;
				GENERATE_INFOPLIST_FILE = YES;
				IPHONEOS_DEPLOYMENT_TARGET = 16.4;
				MARKETING_VERSION = 1.0;
				PRODUCT_BUNDLE_IDENTIFIER = "m0resleepstudios.Score-KeeperTests";
				PRODUCT_NAME = "$(TARGET_NAME)";
				SWIFT_EMIT_LOC_STRINGS = NO;
				SWIFT_VERSION = 5.0;
				TARGETED_DEVICE_FAMILY = "1,2";
				TEST_HOST = "$(BUILT_PRODUCTS_DIR)/Score Keeper.app/$(BUNDLE_EXECUTABLE_FOLDER_PATH)/Score Keeper";
			};
			name = Debug;
		};
		7E23F54629E4522D00859569 /* Release */ = {
			isa = XCBuildConfiguration;
			buildSettings = {
				ALWAYS_EMBED_SWIFT_STANDARD_LIBRARIES = YES;
				BUNDLE_LOADER = "$(TEST_HOST)";
				CODE_SIGN_STYLE = Automatic;
				CURRENT_PROJECT_VERSION = 1;
				DEVELOPMENT_TEAM = P37BL29UZP;
				GENERATE_INFOPLIST_FILE = YES;
				IPHONEOS_DEPLOYMENT_TARGET = 16.4;
				MARKETING_VERSION = 1.0;
				PRODUCT_BUNDLE_IDENTIFIER = "m0resleepstudios.Score-KeeperTests";
				PRODUCT_NAME = "$(TARGET_NAME)";
				SWIFT_EMIT_LOC_STRINGS = NO;
				SWIFT_VERSION = 5.0;
				TARGETED_DEVICE_FAMILY = "1,2";
				TEST_HOST = "$(BUILT_PRODUCTS_DIR)/Score Keeper.app/$(BUNDLE_EXECUTABLE_FOLDER_PATH)/Score Keeper";
			};
			name = Release;
		};
		7E23F54829E4522D00859569 /* Debug */ = {
			isa = XCBuildConfiguration;
			buildSettings = {
				ALWAYS_EMBED_SWIFT_STANDARD_LIBRARIES = YES;
				CODE_SIGN_STYLE = Automatic;
				CURRENT_PROJECT_VERSION = 1;
				DEVELOPMENT_TEAM = P37BL29UZP;
				GENERATE_INFOPLIST_FILE = YES;
				MARKETING_VERSION = 1.0;
				PRODUCT_BUNDLE_IDENTIFIER = "m0resleepstudios.Score-KeeperUITests";
				PRODUCT_NAME = "$(TARGET_NAME)";
				SWIFT_EMIT_LOC_STRINGS = NO;
				SWIFT_VERSION = 5.0;
				TARGETED_DEVICE_FAMILY = "1,2";
				TEST_TARGET_NAME = "Score Keeper";
			};
			name = Debug;
		};
		7E23F54929E4522D00859569 /* Release */ = {
			isa = XCBuildConfiguration;
			buildSettings = {
				ALWAYS_EMBED_SWIFT_STANDARD_LIBRARIES = YES;
				CODE_SIGN_STYLE = Automatic;
				CURRENT_PROJECT_VERSION = 1;
				DEVELOPMENT_TEAM = P37BL29UZP;
				GENERATE_INFOPLIST_FILE = YES;
				MARKETING_VERSION = 1.0;
				PRODUCT_BUNDLE_IDENTIFIER = "m0resleepstudios.Score-KeeperUITests";
				PRODUCT_NAME = "$(TARGET_NAME)";
				SWIFT_EMIT_LOC_STRINGS = NO;
				SWIFT_VERSION = 5.0;
				TARGETED_DEVICE_FAMILY = "1,2";
				TEST_TARGET_NAME = "Score Keeper";
			};
			name = Release;
		};
/* End XCBuildConfiguration section */

/* Begin XCConfigurationList section */
		7E23F51229E4522B00859569 /* Build configuration list for PBXProject "Score Keeper" */ = {
			isa = XCConfigurationList;
			buildConfigurations = (
				7E23F53F29E4522D00859569 /* Debug */,
				7E23F54029E4522D00859569 /* Release */,
			);
			defaultConfigurationIsVisible = 0;
			defaultConfigurationName = Release;
		};
		7E23F54129E4522D00859569 /* Build configuration list for PBXNativeTarget "Score Keeper" */ = {
			isa = XCConfigurationList;
			buildConfigurations = (
				7E23F54229E4522D00859569 /* Debug */,
				7E23F54329E4522D00859569 /* Release */,
			);
			defaultConfigurationIsVisible = 0;
			defaultConfigurationName = Release;
		};
		7E23F54429E4522D00859569 /* Build configuration list for PBXNativeTarget "Score KeeperTests" */ = {
			isa = XCConfigurationList;
			buildConfigurations = (
				7E23F54529E4522D00859569 /* Debug */,
				7E23F54629E4522D00859569 /* Release */,
			);
			defaultConfigurationIsVisible = 0;
			defaultConfigurationName = Release;
		};
		7E23F54729E4522D00859569 /* Build configuration list for PBXNativeTarget "Score KeeperUITests" */ = {
			isa = XCConfigurationList;
			buildConfigurations = (
				7E23F54829E4522D00859569 /* Debug */,
				7E23F54929E4522D00859569 /* Release */,
			);
			defaultConfigurationIsVisible = 0;
			defaultConfigurationName = Release;
		};
/* End XCConfigurationList section */
	};
	rootObject = 7E23F50F29E4522B00859569 /* Project object */;
}
